github.com/GoogleCloudPlatform/functions-framework-go v1.9.2 h1:lYNWI4V+mOxeRq2Fn5cZoRPQJaXP3OHkBCYLF6CjSs0=
github.com/GoogleCloudPlatform/functions-framework-go v1.9.2/go.mod h1:6AUyAKpvHnzNKzrJqJmYPRGbgJCurDVkEW5JWnxf5nE=
github.com/cloudevents/sdk-go/v2 v2.15.2 h1:54+I5xQv/8E4InYGPbPaN0ei/+kn8TeMELOVQFoJToE=
github.com/cloudevents/sdk-go/v2 v2.15.2/go.mod h1:ADuOv8LVQ1c1JOsVHu8GIJRZ8sdPBT/9KfS7bHEj8hU=
github.com/google/uuid v1.6.0 h1:NIvaJDMOsjHA8n1jAhLSgzrAzy1Hgr+hNrb57e+94F0=
github.com/google/uuid v1.6.0/go.mod h1:TIyPZe4MgqvfeYDBFedMoGGpEw/LqOeaOT+nhxU+yHo=
github.com/json-iterator/go v1.1.10 h1:Kz6Cvnvv2wGdaG/V8yMvfkmNiXq9Ya2KUv4rouJJr68=
github.com/json-iterator/go v1.1.10/go.mod h1:KdQUCv79m/52Kvf8AW2vK1V8akMuk1QjK/uOdHXbAo4=
github.com/modern-go/concurrent v0.0.0-20180228061459-e0a39a4cb421 h1:ZqeYNhU3OHLH3mGKHDcjJRFFRrJa6eAM5H+CtDdOsPc=
github.com/modern-go/concurrent v0.0.0-20180228061459-e0a39a4cb421/go.mod h1:6dJC0mAP4ikYIbvyc7fijjWJddQyLn8Ig3JB5CqoB9Q=
github.com/modern-go/reflect2 v0.0.0-20180701023420-4b7aa43c6742 h1:Esafd1046DLDQ0W1YjYsBW+p8U2u7vzgW2SQVmlNazg=
github.com/modern-go/reflect2 v0.0.0-20180701023420-4b7aa43c6742/go.mod h1:bx2lNnkwVCuqBIxFjflWJWanXIb3RllmbCylyMrvgv0=
go.uber.org/atomic v1.4.0 h1:cxzIVoETapQEqDhQu3QfnvXAV4AlzcvUCxkVUFw3+EU=
go.uber.org/atomic v1.4.0/go.mod h1:gD2HeocX3+yG+ygLZcrzQJaqmWj9AIm7n08wl/qW/PE=
go.uber.org/multierr v1.1.0 h1:HoEmRHQPVSqub6w2z2d2EOVs2fjyFRGyofhKuyDq0QI=
go.uber.org/multierr v1.1.0/go.mod h1:wR5kodmAFQ0UK3QlbwjlSNy0Z68gJhEO3u9K/cGfDGg=
go.uber.org/zap v1.10.0 h1:ORx85nbTijNz8ljznvCiRRg23J6qVF8qGUklHUF0vdI=
go.uber.org/zap v1.10.0/go.mod h1:vwi/ZaCAaUcBkycHslxD9B2zi4UTXhF60s6SWpuDF0Q=